
Microsoft Visual Studio Solution File, Format Version 12.00
# Visual Studio Version 16
VisualStudioVersion = 16.0.33423.256
MinimumVisualStudioVersion = 10.0.40219.1
Project("{FAE04EC0-301F-11D3-BF4B-00C04F79EFBC}") = "App1", "App1\App1.csproj", "{721DAE67-5822-4385-B392-04A38ECD1941}"
EndProject
Global
	GlobalSection(SolutionConfigurationPlatforms) = preSolution
		Debug|Any CPU = Debug|Any CPU
		Release|Any CPU = Release|Any CPU
	EndGlobalSection
	GlobalSection(ProjectConfigurationPlatforms) = postSolution
		{721DAE67-5822-4385-B392-04A38ECD1941}.Debug|Any CPU.ActiveCfg = Debug|Any CPU
		{721DAE67-5822-4385-B392-04A38ECD1941}.Debug|Any CPU.Build.0 = Debug|Any CPU
		{721DAE67-5822-4385-B392-04A38ECD1941}.Debug|Any CPU.Deploy.0 = Debug|Any CPU
		{721DAE67-5822-4385-B392-04A38ECD1941}.Release|Any CPU.ActiveCfg = Release|Any CPU
		{721DAE67-5822-4385-B392-04A38ECD1941}.Release|Any CPU.Build.0 = Release|Any CPU
		{721DAE67-5822-4385-B392-04A38ECD1941}.Release|Any CPU.Deploy.0 = Release|Any CPU
	EndGlobalSection
	GlobalSection(SolutionProperties) = preSolution
		HideSolutionNode = FALSE
	EndGlobalSection
	GlobalSection(ExtensibilityGlobals) = postSolution
		SolutionGuid = {EC445641-2117-49B2-8007-9CA542CD66B8}
	EndGlobalSection
EndGlobal
